
Microsoft Visual Studio Solution File, Format Version 12.00
# Visual Studio Version 16
VisualStudioVersion = 16.0.32929.386
MinimumVisualStudioVersion = 10.0.40219.1
Project("{FAE04EC0-301F-11D3-BF4B-00C04F79EFBC}") = "Perfil.API", "Perfil.API\Perfil.API.csproj", "{029E2EDA-9AAE-4FF5-9F3B-5EFB369938E1}"
EndProject
Project("{FAE04EC0-301F-11D3-BF4B-00C04F79EFBC}") = "Perfil.Core", "Perfil.Core\Perfil.Core.csproj", "{43DE0686-3EEE-4751-960E-202D5F697D7E}"
EndProject
Project("{FAE04EC0-301F-11D3-BF4B-00C04F79EFBC}") = "Perfil.Infrastructure", "Perfil.Infrastructure\Perfil.Infrastructure.csproj", "{8551A5E0-3B89-4B49-A068-39F99AB2D6CE}"
EndProject
Global
	GlobalSection(SolutionConfigurationPlatforms) = preSolution
		Debug|Any CPU = Debug|Any CPU
		Release|Any CPU = Release|Any CPU
	EndGlobalSection
	GlobalSection(ProjectConfigurationPlatforms) = postSolution
		{029E2EDA-9AAE-4FF5-9F3B-5EFB369938E1}.Debug|Any CPU.ActiveCfg = Debug|Any CPU
		{029E2EDA-9AAE-4FF5-9F3B-5EFB369938E1}.Debug|Any CPU.Build.0 = Debug|Any CPU
		{029E2EDA-9AAE-4FF5-9F3B-5EFB369938E1}.Release|Any CPU.ActiveCfg = Release|Any CPU
		{029E2EDA-9AAE-4FF5-9F3B-5EFB369938E1}.Release|Any CPU.Build.0 = Release|Any CPU
		{43DE0686-3EEE-4751-960E-202D5F697D7E}.Debug|Any CPU.ActiveCfg = Debug|Any CPU
		{43DE0686-3EEE-4751-960E-202D5F697D7E}.Debug|Any CPU.Build.0 = Debug|Any CPU
		{43DE0686-3EEE-4751-960E-202D5F697D7E}.Release|Any CPU.ActiveCfg = Release|Any CPU
		{43DE0686-3EEE-4751-960E-202D5F697D7E}.Release|Any CPU.Build.0 = Release|Any CPU
		{8551A5E0-3B89-4B49-A068-39F99AB2D6CE}.Debug|Any CPU.ActiveCfg = Debug|Any CPU
		{8551A5E0-3B89-4B49-A068-39F99AB2D6CE}.Debug|Any CPU.Build.0 = Debug|Any CPU
		{8551A5E0-3B89-4B49-A068-39F99AB2D6CE}.Release|Any CPU.ActiveCfg = Release|Any CPU
		{8551A5E0-3B89-4B49-A068-39F99AB2D6CE}.Release|Any CPU.Build.0 = Release|Any CPU
	EndGlobalSection
	GlobalSection(SolutionProperties) = preSolution
		HideSolutionNode = FALSE
	EndGlobalSection
	GlobalSection(ExtensibilityGlobals) = postSolution
		SolutionGuid = {0D53D6C0-5B10-4105-BBD7-1B6D9504AA14}
	EndGlobalSection
EndGlobal
